PODS:
  - composeApp (1.0):
    - FirebaseCore
    - GoogleSignIn
  - FirebaseAppCheckInterop (12.3.0)
  - FirebaseAuth (12.3.0):
    - FirebaseAppCheckInterop (~> 12.3.0)
    - FirebaseAuthInterop (~> 12.3.0)
    - FirebaseCore (~> 12.3.0)
    - FirebaseCoreExtension (~> 12.3.0)
    - GoogleUtilities/AppDelegateSwizzler (~> 8.1)
    - GoogleUtilities/Environment (~> 8.1)
    - GTMSessionFetcher/Core (< 6.0, >= 3.4)
    - RecaptchaInterop (~> 101.0)
  - FirebaseAuthInterop (12.3.0)
  - FirebaseCore (12.3.0):
    - FirebaseCoreInternal (~> 12.3.0)
    - GoogleUtilities/Environment (~> 8.1)
    - GoogleUtilities/Logger (~> 8.1)
  - FirebaseCoreExtension (12.3.0):
    - FirebaseCore (~> 12.3.0)
  - FirebaseCoreInternal (12.3.0):
    - "GoogleUtilities/NSData+zlib (~> 8.1)"
  - GoogleAppUtilities (1.1.2):
    - GoogleSymbolUtilities (~> 1.1)
  - GoogleAuthUtilities (2.0.2):
    - GoogleNetworkingUtilities (~> 1.2)
    - GoogleSymbolUtilities (~> 1.1)
  - GoogleNetworkingUtilities (1.2.2):
    - GoogleSymbolUtilities (~> 1.1)
  - GoogleSignIn (4.0.0):
    - GoogleAppUtilities (~> 1.1)
    - GoogleAuthUtilities (~> 2.0)
    - GoogleNetworkingUtilities (~> 1.2)
    - GoogleUtilities (~> 1.3)
  - GoogleSymbolUtilities (1.1.2)
  - GoogleUtilities (1.3.2):
    - GoogleSymbolUtilities (~> 1.1)
  - GoogleUtilities/AppDelegateSwizzler (8.1.0):
    - GoogleUtilities/Environment
    - GoogleUtilities/Logger
    - GoogleUtilities/Network
    - GoogleUtilities/Privacy
  - GoogleUtilities/Environment (8.1.0):
    - GoogleUtilities/Privacy
  - GoogleUtilities/Logger (8.1.0):
    - GoogleUtilities/Environment
    - GoogleUtilities/Privacy
  - GoogleUtilities/Network (8.1.0):
    - GoogleUtilities/Logger
    - "GoogleUtilities/NSData+zlib"
    - GoogleUtilities/Privacy
    - GoogleUtilities/Reachability
  - "GoogleUtilities/NSData+zlib (8.1.0)":
    - GoogleUtilities/Privacy
  - GoogleUtilities/Privacy (8.1.0)
  - GoogleUtilities/Reachability (8.1.0):
    - GoogleUtilities/Logger
    - GoogleUtilities/Privacy
  - GTMSessionFetcher/Core (5.0.0)
  - RecaptchaInterop (101.0.0)

DEPENDENCIES:
  - composeApp (from `../composeApp`)
  - FirebaseAuth

SPEC REPOS:
  trunk:
    - FirebaseAppCheckInterop
    - FirebaseAuth
    - FirebaseAuthInterop
    - FirebaseCore
    - FirebaseCoreExtension
    - FirebaseCoreInternal
    - GoogleAppUtilities
    - GoogleAuthUtilities
    - GoogleNetworkingUtilities
    - GoogleSignIn
    - GoogleSymbolUtilities
    - GoogleUtilities
    - GTMSessionFetcher
    - RecaptchaInterop

EXTERNAL SOURCES:
  composeApp:
    :path: "../composeApp"

SPEC CHECKSUMS:
  composeApp: 3ad6fbe9da1b6977d760e718282e13e45f49c6c8
  FirebaseAppCheckInterop: 3a8527abb8bb89fb1bd2bd3d1d7b463c0ceb0cbf
  FirebaseAuth: 4fdd7ee2da745f79145124f5191639d2ea756a77
  FirebaseAuthInterop: a7c394818a93d374c543ca085f3a46ab7c71372e
  FirebaseCore: ff47fe1ad3ab9ef66edd3e8bc4647b493d2067f8
  FirebaseCoreExtension: 898ca55c7cb126f83747b32cb0daa95394b10853
  FirebaseCoreInternal: a9e1ff270f217489d9258563b693d11a312903bf
  GoogleAppUtilities: a8a552aa74f6597f805e45b5a3962766c3134973
  GoogleAuthUtilities: ccad2e0a9284699973ff57c0dd24c3893657fda4
  GoogleNetworkingUtilities: 3edd3a8161347494f2da60ea0deddc8a472d94cb
  GoogleSignIn: 09036ed61f8e75f1424100d63f7719480b2428c3
  GoogleSymbolUtilities: 631ee17048aa5e9ab133470d768ea997a5ef9b96
  GoogleUtilities: 00c88b9a86066ef77f0da2fab05f65d7768ed8e1
  GTMSessionFetcher: 02d6e866e90bc236f48a703a041dfe43e6221a29
  RecaptchaInterop: 11e0b637842dfb48308d242afc3f448062325aba

PODFILE CHECKSUM: 4d1dfd81d8d03dea56e297dccb1d8e9ed69ba7fa

COCOAPODS: 1.16.2
